// !$*UTF8*$!
{
	archiveVersion = 1;
	classes = {
	};
	objectVersion = 46;
	objects = {

/* Begin PBXBuildFile section */
		6201784918B9E72D00DE2914 /* TaskDetailViewController.mm in Sources */ = {isa = PBXBuildFile; fileRef = 6201784818B9E72D00DE2914 /* TaskDetailViewController.mm */; };
		6201784C18B9EA3C00DE2914 /* StorageService.cpp in Sources */ = {isa = PBXBuildFile; fileRef = 6201784A18B9EA3C00DE2914 /* StorageService.cpp */; };
		6201785318BA06DD00DE2914 /* smartTimer.sql in Resources */ = {isa = PBXBuildFile; fileRef = 6201785218BA06DD00DE2914 /* smartTimer.sql */; };
		626A8FD118C17FCD00FFABF5 /* NSDeviceService.mm in Sources */ = {isa = PBXBuildFile; fileRef = 626A8FD018C17FCD00FFABF5 /* NSDeviceService.mm */; };
		626A8FD418C1D34F00FFABF5 /* SearchViewController.m in Sources */ = {isa = PBXBuildFile; fileRef = 626A8FD318C1D34F00FFABF5 /* SearchViewController.m */; };
		6271B1C818B8A5460021DC44 /* NSPlan.mm in Sources */ = {isa = PBXBuildFile; fileRef = 6271B1C718B8A5460021DC44 /* NSPlan.mm */; };
		6279BAFF18BF17BA00F861C7 /* Localizable.strings in Resources */ = {isa = PBXBuildFile; fileRef = 6279BB0118BF17BA00F861C7 /* Localizable.strings */; };
		627AEDAE18BC811300326136 /* NSTask.mm in Sources */ = {isa = PBXBuildFile; fileRef = 627AEDAD18BC811300326136 /* NSTask.mm */; };
		6285E93418B6EFB700F3141A /* SqliteClient.cpp in Sources */ = {isa = PBXBuildFile; fileRef = 6285E93218B6EFB700F3141A /* SqliteClient.cpp */; };
		6285E93B18B6F25800F3141A /* Trace.cpp in Sources */ = {isa = PBXBuildFile; fileRef = 6285E93918B6F25800F3141A /* Trace.cpp */; };
		6285E94118B6F39400F3141A /* Convert.cpp in Sources */ = {isa = PBXBuildFile; fileRef = 6285E93F18B6F39400F3141A /* Convert.cpp */; };
		6285E94318B702AB00F3141A /* libsqlite3.dylib in Frameworks */ = {isa = PBXBuildFile; fileRef = 6285E94218B702AB00F3141A /* libsqlite3.dylib */; };
		6285E94F18B71DA200F3141A /* PlanService.cpp in Sources */ = {isa = PBXBuildFile; fileRef = 6285E94D18B71DA200F3141A /* PlanService.cpp */; };
		6290520C18BDDC7500BACAA6 /* TaskViewController.mm in Sources */ = {isa = PBXBuildFile; fileRef = 6290520B18BDDC7500BACAA6 /* TaskViewController.mm */; };
		62991AEF18B63F3400050A04 /* AddPlanViewController.mm in Sources */ = {isa = PBXBuildFile; fileRef = 62991AEE18B63F3400050A04 /* AddPlanViewController.mm */; };
		62991AF818B6415600050A04 /* BCDUtilities.cpp in Sources */ = {isa = PBXBuildFile; fileRef = 62991AF118B6415600050A04 /* BCDUtilities.cpp */; };
		62991AF918B6415600050A04 /* Exception.cpp in Sources */ = {isa = PBXBuildFile; fileRef = 62991AF518B6415600050A04 /* Exception.cpp */; };
		62991B0118B6421800050A04 /* BlueShield.m in Sources */ = {isa = PBXBuildFile; fileRef = 62991AFD18B6421800050A04 /* BlueShield.m */; };
		62991B0218B6421800050A04 /* MBProgressHUD.m in Sources */ = {isa = PBXBuildFile; fileRef = 62991B0018B6421800050A04 /* MBProgressHUD.m */; };
		62991B0418B6426600050A04 /* CoreBluetooth.framework in Frameworks */ = {isa = PBXBuildFile; fileRef = 62991B0318B6426600050A04 /* CoreBluetooth.framework */; };
		629CD92118B4343D00D24686 /* Foundation.framework in Frameworks */ = {isa = PBXBuildFile; fileRef = 629CD92018B4343D00D24686 /* Foundation.framework */; };
		629CD92318B4343D00D24686 /* CoreGraphics.framework in Frameworks */ = {isa = PBXBuildFile; fileRef = 629CD92218B4343D00D24686 /* CoreGraphics.framework */; };
		629CD92518B4343D00D24686 /* UIKit.framework in Frameworks */ = {isa = PBXBuildFile; fileRef = 629CD92418B4343D00D24686 /* UIKit.framework */; };
		629CD92B18B4343D00D24686 /* InfoPlist.strings in Resources */ = {isa = PBXBuildFile; fileRef = 629CD92918B4343D00D24686 /* InfoPlist.strings */; };
		629CD92D18B4343D00D24686 /* main.mm in Sources */ = {isa = PBXBuildFile; fileRef = 629CD92C18B4343D00D24686 /* main.mm */; };
		629CD93118B4343D00D24686 /* AppDelegate.m in Sources */ = {isa = PBXBuildFile; fileRef = 629CD93018B4343D00D24686 /* AppDelegate.m */; };
		629CD93418B4343D00D24686 /* Main_iPhone.storyboard in Resources */ = {isa = PBXBuildFile; fileRef = 629CD93218B4343D00D24686 /* Main_iPhone.storyboard */; };
		629CD93718B4343D00D24686 /* Main_iPad.storyboard in Resources */ = {isa = PBXBuildFile; fileRef = 629CD93518B4343D00D24686 /* Main_iPad.storyboard */; };
		629CD93A18B4343D00D24686 /* PlanViewController.mm in Sources */ = {isa = PBXBuildFile; fileRef = 629CD93918B4343D00D24686 /* PlanViewController.mm */; };
		629CD93C18B4343D00D24686 /* Images.xcassets in Resources */ = {isa = PBXBuildFile; fileRef = 629CD93B18B4343D00D24686 /* Images.xcassets */; };
		629CD94318B4343D00D24686 /* XCTest.framework in Frameworks */ = {isa = PBXBuildFile; fileRef = 629CD94218B4343D00D24686 /* XCTest.framework */; };
		629CD94418B4343D00D24686 /* Foundation.framework in Frameworks */ = {isa = PBXBuildFile; fileRef = 629CD92018B4343D00D24686 /* Foundation.framework */; };
		629CD94518B4343D00D24686 /* UIKit.framework in Frameworks */ = {isa = PBXBuildFile; fileRef = 629CD92418B4343D00D24686 /* UIKit.framework */; };
		629CD94D18B4343D00D24686 /* InfoPlist.strings in Resources */ = {isa = PBXBuildFile; fileRef = 629CD94B18B4343D00D24686 /* InfoPlist.strings */; };
		629CD94F18B4343D00D24686 /* SmartTimerTests.m in Sources */ = {isa = PBXBuildFile; fileRef = 629CD94E18B4343D00D24686 /* SmartTimerTests.m */; };
		62C9485018B9D34F003BE1CB /* PlanDetailViewController.mm in Sources */ = {isa = PBXBuildFile; fileRef = 62C9484F18B9D34F003BE1CB /* PlanDetailViewController.mm */; };
		62C9485318B9DFB9003BE1CB /* StatPlanViewController.mm in Sources */ = {isa = PBXBuildFile; fileRef = 62C9485218B9DFB9003BE1CB /* StatPlanViewController.mm */; };
/* End PBXBuildFile section */

/* Begin PBXContainerItemProxy section */
		629CD94618B4343D00D24686 /* PBXContainerItemProxy */ = {
			isa = PBXContainerItemProxy;
			containerPortal = 629CD91518B4343D00D24686 /* Project object */;
			proxyType = 1;
			remoteGlobalIDString = 629CD91C18B4343D00D24686;
			remoteInfo = SmartTimer;
		};
/* End PBXContainerItemProxy section */

/* Begin PBXFileReference section */
		6201784718B9E72D00DE2914 /* TaskDetailViewController.h */ = {isa = PBXFileReference; fileEncoding = 4; lastKnownFileType = sourcecode.c.h; path = TaskDetailViewController.h; sourceTree = "<group>"; };
		6201784818B9E72D00DE2914 /* TaskDetailViewController.mm */ = {isa = PBXFileReference; fileEncoding = 4; lastKnownFileType = sourcecode.cpp.objcpp; path = TaskDetailViewController.mm; sourceTree = "<group>"; };
		6201784A18B9EA3C00DE2914 /* StorageService.cpp */ = {isa = PBXFileReference; fileEncoding = 4; lastKnownFileType = sourcecode.cpp.cpp; path = StorageService.cpp; sourceTree = "<group>"; };
		6201784B18B9EA3C00DE2914 /* StorageService.h */ = {isa = PBXFileReference; fileEncoding = 4; lastKnownFileType = sourcecode.c.h; path = StorageService.h; sourceTree = "<group>"; };
		6201785018BA03CD00DE2914 /* SmartTimer-Info.plist */ = {isa = PBXFileReference; fileEncoding = 4; lastKnownFileType = text.plist.xml; path = "SmartTimer-Info.plist"; sourceTree = "<group>"; };
		6201785218BA06DD00DE2914 /* smartTimer.sql */ = {isa = PBXFileReference; fileEncoding = 4; lastKnownFileType = text; path = smartTimer.sql; sourceTree = "<group>"; };
		62119B6C18B4351E0046069B /* en */ = {isa = PBXFileReference; lastKnownFileType = file.storyboard; name = en; path = en.lproj/Main_iPad.storyboard; sourceTree = "<group>"; };
		623840A118B439BC00BFACC9 /* zh-Hans */ = {isa = PBXFileReference; lastKnownFileType = file.storyboard; name = "zh-Hans"; path = "zh-Hans.lproj/Main_iPhone.storyboard"; sourceTree = "<group>"; };
		623840A218B439BC00BFACC9 /* zh-Hans */ = {isa = PBXFileReference; lastKnownFileType = file.storyboard; name = "zh-Hans"; path = "zh-Hans.lproj/Main_iPad.storyboard"; sourceTree = "<group>"; };
		623840A318B439BC00BFACC9 /* zh-Hans */ = {isa = PBXFileReference; lastKnownFileType = text.plist.strings; name = "zh-Hans"; path = "zh-Hans.lproj/InfoPlist.strings"; sourceTree = "<group>"; };
		623840A418B439BC00BFACC9 /* zh-Hans */ = {isa = PBXFileReference; lastKnownFileType = text.plist.strings; name = "zh-Hans"; path = "zh-Hans.lproj/InfoPlist.strings"; sourceTree = "<group>"; };
		626A8FCF18C17FCD00FFABF5 /* NSDeviceService.h */ = {isa = PBXFileReference; fileEncoding = 4; lastKnownFileType = sourcecode.c.h; path = NSDeviceService.h; sourceTree = "<group>"; };
		626A8FD018C17FCD00FFABF5 /* NSDeviceService.mm */ = {isa = PBXFileReference; fileEncoding = 4; lastKnownFileType = sourcecode.cpp.objcpp; path = NSDeviceService.mm; sourceTree = "<group>"; };
		626A8FD218C1D34F00FFABF5 /* SearchViewController.h */ = {isa = PBXFileReference; fileEncoding = 4; lastKnownFileType = sourcecode.c.h; path = SearchViewController.h; sourceTree = "<group>"; };
		626A8FD318C1D34F00FFABF5 /* SearchViewController.m */ = {isa = PBXFileReference; fileEncoding = 4; lastKnownFileType = sourcecode.c.objc; path = SearchViewController.m; sourceTree = "<group>"; };
		6271B1C618B8A5460021DC44 /* NSPlan.h */ = {isa = PBXFileReference; fileEncoding = 4; lastKnownFileType = sourcecode.c.h; path = NSPlan.h; sourceTree = "<group>"; };
		6271B1C718B8A5460021DC44 /* NSPlan.mm */ = {isa = PBXFileReference; fileEncoding = 4; lastKnownFileType = sourcecode.cpp.objcpp; path = NSPlan.mm; sourceTree = "<group>"; };
		6279BB0018BF17BA00F861C7 /* en */ = {isa = PBXFileReference; lastKnownFileType = text.plist.strings; name = en; path = en.lproj/Localizable.strings; sourceTree = "<group>"; };
		6279BB0218BF17BE00F861C7 /* zh-Hans */ = {isa = PBXFileReference; lastKnownFileType = text.plist.strings; name = "zh-Hans"; path = "zh-Hans.lproj/Localizable.strings"; sourceTree = "<group>"; };
		627AEDAC18BC811300326136 /* NSTask.h */ = {isa = PBXFileReference; fileEncoding = 4; lastKnownFileType = sourcecode.c.h; path = NSTask.h; sourceTree = "<group>"; };
		627AEDAD18BC811300326136 /* NSTask.mm */ = {isa = PBXFileReference; fileEncoding = 4; lastKnownFileType = sourcecode.cpp.objcpp; path = NSTask.mm; sourceTree = "<group>"; };
		6285E92F18B6DEEE00F3141A /* Plan.h */ = {isa = PBXFileReference; lastKnownFileType = sourcecode.c.h; name = Plan.h; path = Models/Plan.h; sourceTree = "<group>"; };
		6285E93018B6E39900F3141A /* Vector.h */ = {isa = PBXFileReference; fileEncoding = 4; lastKnownFileType = sourcecode.c.h; name = Vector.h; path = common/Vector.h; sourceTree = "<group>"; };
		6285E93118B6EFB700F3141A /* DataTable.h */ = {isa = PBXFileReference; fileEncoding = 4; lastKnownFileType = sourcecode.c.h; name = DataTable.h; path = common/DataTable.h; sourceTree = "<group>"; };
		6285E93218B6EFB700F3141A /* SqliteClient.cpp */ = {isa = PBXFileReference; fileEncoding = 4; lastKnownFileType = sourcecode.cpp.cpp; name = SqliteClient.cpp; path = common/SqliteClient.cpp; sourceTree = "<group>"; };
		6285E93318B6EFB700F3141A /* SqliteClient.h */ = {isa = PBXFileReference; fileEncoding = 4; lastKnownFileType = sourcecode.c.h; name = SqliteClient.h; path = common/SqliteClient.h; sourceTree = "<group>"; };
		6285E93518B6F16F00F3141A /* Stopwatch.h */ = {isa = PBXFileReference; fileEncoding = 4; lastKnownFileType = sourcecode.c.h; name = Stopwatch.h; path = common/Stopwatch.h; sourceTree = "<group>"; };
		6285E93618B6F25800F3141A /* Debug.h */ = {isa = PBXFileReference; fileEncoding = 4; lastKnownFileType = sourcecode.c.h; name = Debug.h; path = Common/Debug.h; sourceTree = "<group>"; };
		6285E93718B6F25800F3141A /* Locker.h */ = {isa = PBXFileReference; fileEncoding = 4; lastKnownFileType = sourcecode.c.h; name = Locker.h; path = Common/Locker.h; sourceTree = "<group>"; };
		6285E93818B6F25800F3141A /* TickTimeout.h */ = {isa = PBXFileReference; fileEncoding = 4; lastKnownFileType = sourcecode.c.h; name = TickTimeout.h; path = Common/TickTimeout.h; sourceTree = "<group>"; };
		6285E93918B6F25800F3141A /* Trace.cpp */ = {isa = PBXFileReference; fileEncoding = 4; lastKnownFileType = sourcecode.cpp.cpp; name = Trace.cpp; path = Common/Trace.cpp; sourceTree = "<group>"; };
		6285E93A18B6F25800F3141A /* Trace.h */ = {isa = PBXFileReference; fileEncoding = 4; lastKnownFileType = sourcecode.c.h; name = Trace.h; path = Common/Trace.h; sourceTree = "<group>"; };
		6285E93F18B6F39400F3141A /* Convert.cpp */ = {isa = PBXFileReference; fileEncoding = 4; lastKnownFileType = sourcecode.cpp.cpp; name = Convert.cpp; path = Common/Convert.cpp; sourceTree = "<group>"; };
		6285E94018B6F39400F3141A /* Convert.h */ = {isa = PBXFileReference; fileEncoding = 4; lastKnownFileType = sourcecode.c.h; name = Convert.h; path = Common/Convert.h; sourceTree = "<group>"; };
		6285E94218B702AB00F3141A /* libsqlite3.dylib */ = {isa = PBXFileReference; lastKnownFileType = "compiled.mach-o.dylib"; name = libsqlite3.dylib; path = usr/lib/libsqlite3.dylib; sourceTree = SDKROOT; };
		6285E94A18B71A2900F3141A /* Thread.h */ = {isa = PBXFileReference; fileEncoding = 4; lastKnownFileType = sourcecode.c.h; name = Thread.h; path = Common/Thread.h; sourceTree = "<group>"; };
		6285E94B18B71CFC00F3141A /* Singleton.h */ = {isa = PBXFileReference; fileEncoding = 4; lastKnownFileType = sourcecode.c.h; name = Singleton.h; path = Common/Singleton.h; sourceTree = "<group>"; };
		6285E94D18B71DA200F3141A /* PlanService.cpp */ = {isa = PBXFileReference; fileEncoding = 4; lastKnownFileType = sourcecode.cpp.cpp; path = PlanService.cpp; sourceTree = "<group>"; };
		6285E94E18B71DA200F3141A /* PlanService.h */ = {isa = PBXFileReference; fileEncoding = 4; lastKnownFileType = sourcecode.c.h; path = PlanService.h; sourceTree = "<group>"; };
		6290520A18BDDC7500BACAA6 /* TaskViewController.h */ = {isa = PBXFileReference; fileEncoding = 4; lastKnownFileType = sourcecode.c.h; path = TaskViewController.h; sourceTree = "<group>"; };
		6290520B18BDDC7500BACAA6 /* TaskViewController.mm */ = {isa = PBXFileReference; fileEncoding = 4; lastKnownFileType = sourcecode.cpp.objcpp; path = TaskViewController.mm; sourceTree = "<group>"; };
		62991AED18B63F3400050A04 /* AddPlanViewController.h */ = {isa = PBXFileReference; fileEncoding = 4; lastKnownFileType = sourcecode.c.h; path = AddPlanViewController.h; sourceTree = "<group>"; };
		62991AEE18B63F3400050A04 /* AddPlanViewController.mm */ = {isa = PBXFileReference; fileEncoding = 4; lastKnownFileType = sourcecode.cpp.objcpp; path = AddPlanViewController.mm; sourceTree = "<group>"; };
		62991AF018B6415600050A04 /* Array.h */ = {isa = PBXFileReference; fileEncoding = 4; lastKnownFileType = sourcecode.c.h; name = Array.h; path = common/Array.h; sourceTree = "<group>"; };
		62991AF118B6415600050A04 /* BCDUtilities.cpp */ = {isa = PBXFileReference; fileEncoding = 4; lastKnownFileType = sourcecode.cpp.cpp; name = BCDUtilities.cpp; path = common/BCDUtilities.cpp; sourceTree = "<group>"; };
		62991AF218B6415600050A04 /* BCDUtilities.h */ = {isa = PBXFileReference; fileEncoding = 4; lastKnownFileType = sourcecode.c.h; name = BCDUtilities.h; path = common/BCDUtilities.h; sourceTree = "<group>"; };
		62991AF318B6415600050A04 /* ByteArray.h */ = {isa = PBXFileReference; fileEncoding = 4; lastKnownFileType = sourcecode.c.h; name = ByteArray.h; path = common/ByteArray.h; sourceTree = "<group>"; };
		62991AF418B6415600050A04 /* Crc16Utilities.h */ = {isa = PBXFileReference; fileEncoding = 4; lastKnownFileType = sourcecode.c.h; name = Crc16Utilities.h; path = common/Crc16Utilities.h; sourceTree = "<group>"; };
		62991AF518B6415600050A04 /* Exception.cpp */ = {isa = PBXFileReference; fileEncoding = 4; lastKnownFileType = sourcecode.cpp.cpp; name = Exception.cpp; path = common/Exception.cpp; sourceTree = "<group>"; };
		62991AF618B6415600050A04 /* Exception.h */ = {isa = PBXFileReference; fileEncoding = 4; lastKnownFileType = sourcecode.c.h; name = Exception.h; path = common/Exception.h; sourceTree = "<group>"; };
		62991AF718B6415600050A04 /* MemoryStream.h */ = {isa = PBXFileReference; fileEncoding = 4; lastKnownFileType = sourcecode.c.h; name = MemoryStream.h; path = common/MemoryStream.h; sourceTree = "<group>"; };
		62991AFC18B6421800050A04 /* BlueShield.h */ = {isa = PBXFileReference; fileEncoding = 4; lastKnownFileType = sourcecode.c.h; name = BlueShield.h; path = BlueShield/BlueShield.h; sourceTree = "<group>"; };
		62991AFD18B6421800050A04 /* BlueShield.m */ = {isa = PBXFileReference; fileEncoding = 4; lastKnownFileType = sourcecode.c.objc; name = BlueShield.m; path = BlueShield/BlueShield.m; sourceTree = "<group>"; };
		62991AFE18B6421800050A04 /* BSDefines.h */ = {isa = PBXFileReference; fileEncoding = 4; lastKnownFileType = sourcecode.c.h; name = BSDefines.h; path = BlueShield/BSDefines.h; sourceTree = "<group>"; };
		62991AFF18B6421800050A04 /* MBProgressHUD.h */ = {isa = PBXFileReference; fileEncoding = 4; lastKnownFileType = sourcecode.c.h; name = MBProgressHUD.h; path = BlueShield/MBProgressHUD.h; sourceTree = "<group>"; };
		62991B0018B6421800050A04 /* MBProgressHUD.m */ = {isa = PBXFileReference; fileEncoding = 4; lastKnownFileType = sourcecode.c.objc; name = MBProgressHUD.m; path = BlueShield/MBProgressHUD.m; sourceTree = "<group>"; };
		62991B0318B6426600050A04 /* CoreBluetooth.framework */ = {isa = PBXFileReference; lastKnownFileType = wrapper.framework; name = CoreBluetooth.framework; path = System/Library/Frameworks/CoreBluetooth.framework; sourceTree = SDKROOT; };
		629CD91D18B4343D00D24686 /* SmartTimer.app */ = {isa = PBXFileReference; explicitFileType = wrapper.application; includeInIndex = 0; path = SmartTimer.app; sourceTree = BUILT_PRODUCTS_DIR; };
		629CD92018B4343D00D24686 /* Foundation.framework */ = {isa = PBXFileReference; lastKnownFileType = wrapper.framework; name = Foundation.framework; path = System/Library/Frameworks/Foundation.framework; sourceTree = SDKROOT; };
		629CD92218B4343D00D24686 /* CoreGraphics.framework */ = {isa = PBXFileReference; lastKnownFileType = wrapper.framework; name = CoreGraphics.framework; path = System/Library/Frameworks/CoreGraphics.framework; sourceTree = SDKROOT; };
		629CD92418B4343D00D24686 /* UIKit.framework */ = {isa = PBXFileReference; lastKnownFileType = wrapper.framework; name = UIKit.framework; path = System/Library/Frameworks/UIKit.framework; sourceTree = SDKROOT; };
		629CD92A18B4343D00D24686 /* en */ = {isa = PBXFileReference; lastKnownFileType = text.plist.strings; name = en; path = en.lproj/InfoPlist.strings; sourceTree = "<group>"; };
		629CD92C18B4343D00D24686 /* main.mm */ = {isa = PBXFileReference; lastKnownFileType = sourcecode.cpp.objcpp; path = main.mm; sourceTree = "<group>"; };
		629CD92E18B4343D00D24686 /* SmartTimer-Prefix.pch */ = {isa = PBXFileReference; lastKnownFileType = sourcecode.c.h; path = "SmartTimer-Prefix.pch"; sourceTree = "<group>"; };
		629CD92F18B4343D00D24686 /* AppDelegate.h */ = {isa = PBXFileReference; lastKnownFileType = sourcecode.c.h; path = AppDelegate.h; sourceTree = "<group>"; };
		629CD93018B4343D00D24686 /* AppDelegate.m */ = {isa = PBXFileReference; lastKnownFileType = sourcecode.c.objc; path = AppDelegate.m; sourceTree = "<group>"; };
		629CD93818B4343D00D24686 /* PlanViewController.h */ = {isa = PBXFileReference; lastKnownFileType = sourcecode.c.h; path = PlanViewController.h; sourceTree = "<group>"; };
		629CD93918B4343D00D24686 /* PlanViewController.mm */ = {isa = PBXFileReference; lastKnownFileType = sourcecode.cpp.objcpp; path = PlanViewController.mm; sourceTree = "<group>"; };
		629CD93B18B4343D00D24686 /* Images.xcassets */ = {isa = PBXFileReference; lastKnownFileType = folder.assetcatalog; path = Images.xcassets; sourceTree = "<group>"; };
		629CD94118B4343D00D24686 /* SmartTimerTests.xctest */ = {isa = PBXFileReference; explicitFileType = wrapper.cfbundle; includeInIndex = 0; path = SmartTimerTests.xctest; sourceTree = BUILT_PRODUCTS_DIR; };
		629CD94218B4343D00D24686 /* XCTest.framework */ = {isa = PBXFileReference; lastKnownFileType = wrapper.framework; name = XCTest.framework; path = Library/Frameworks/XCTest.framework; sourceTree = DEVELOPER_DIR; };
		629CD94A18B4343D00D24686 /* SmartTimerTests-Info.plist */ = {isa = PBXFileReference; lastKnownFileType = text.plist.xml; path = "SmartTimerTests-Info.plist"; sourceTree = "<group>"; };
		629CD94C18B4343D00D24686 /* en */ = {isa = PBXFileReference; lastKnownFileType = text.plist.strings; name = en; path = en.lproj/InfoPlist.strings; sourceTree = "<group>"; };
		629CD94E18B4343D00D24686 /* SmartTimerTests.m */ = {isa = PBXFileReference; lastKnownFileType = sourcecode.c.objc; path = SmartTimerTests.m; sourceTree = "<group>"; };
		629CD95C18B434F500D24686 /* en */ = {isa = PBXFileReference; lastKnownFileType = file.storyboard; name = en; path = en.lproj/Main_iPhone.storyboard; sourceTree = "<group>"; };
		62C9484E18B9D34F003BE1CB /* PlanDetailViewController.h */ = {isa = PBXFileReference; fileEncoding = 4; lastKnownFileType = sourcecode.c.h; path = PlanDetailViewController.h; sourceTree = "<group>"; };
		62C9484F18B9D34F003BE1CB /* PlanDetailViewController.mm */ = {isa = PBXFileReference; fileEncoding = 4; lastKnownFileType = sourcecode.cpp.objcpp; path = PlanDetailViewController.mm; sourceTree = "<group>"; };
		62C9485118B9DFB9003BE1CB /* StatPlanViewController.h */ = {isa = PBXFileReference; fileEncoding = 4; lastKnownFileType = sourcecode.c.h; path = StatPlanViewController.h; sourceTree = "<group>"; };
		62C9485218B9DFB9003BE1CB /* StatPlanViewController.mm */ = {isa = PBXFileReference; fileEncoding = 4; lastKnownFileType = sourcecode.cpp.objcpp; path = StatPlanViewController.mm; sourceTree = "<group>"; };
/* End PBXFileReference section */

/* Begin PBXFrameworksBuildPhase section */
		629CD91A18B4343D00D24686 /* Frameworks */ = {
			isa = PBXFrameworksBuildPhase;
			buildActionMask = 2147483647;
			files = (
				6285E94318B702AB00F3141A /* libsqlite3.dylib in Frameworks */,
				62991B0418B6426600050A04 /* CoreBluetooth.framework in Frameworks */,
				629CD92318B4343D00D24686 /* CoreGraphics.framework in Frameworks */,
				629CD92518B4343D00D24686 /* UIKit.framework in Frameworks */,
				629CD92118B4343D00D24686 /* Foundation.framework in Frameworks */,
			);
			runOnlyForDeploymentPostprocessing = 0;
		};
		629CD93E18B4343D00D24686 /* Frameworks */ = {
			isa = PBXFrameworksBuildPhase;
			buildActionMask = 2147483647;
			files = (
				629CD94318B4343D00D24686 /* XCTest.framework in Frameworks */,
				629CD94518B4343D00D24686 /* UIKit.framework in Frameworks */,
				629CD94418B4343D00D24686 /* Foundation.framework in Frameworks */,
			);
			runOnlyForDeploymentPostprocessing = 0;
		};
/* End PBXFrameworksBuildPhase section */

/* Begin PBXGroup section */
		6285E92E18B6DE8700F3141A /* Models */ = {
			isa = PBXGroup;
			children = (
				6285E92F18B6DEEE00F3141A /* Plan.h */,
			);
			name = Models;
			sourceTree = "<group>";
		};
		6285E94C18B71D3D00F3141A /* Logic */ = {
			isa = PBXGroup;
			children = (
				6285E94D18B71DA200F3141A /* PlanService.cpp */,
				6285E94E18B71DA200F3141A /* PlanService.h */,
				6201784A18B9EA3C00DE2914 /* StorageService.cpp */,
				6201784B18B9EA3C00DE2914 /* StorageService.h */,
				626A8FCF18C17FCD00FFABF5 /* NSDeviceService.h */,
				626A8FD018C17FCD00FFABF5 /* NSDeviceService.mm */,
			);
			name = Logic;
			sourceTree = "<group>";
		};
		62991AFA18B6416500050A04 /* Common */ = {
			isa = PBXGroup;
			children = (
				6285E94B18B71CFC00F3141A /* Singleton.h */,
				6285E94A18B71A2900F3141A /* Thread.h */,
				6285E93F18B6F39400F3141A /* Convert.cpp */,
				6285E94018B6F39400F3141A /* Convert.h */,
				6285E93618B6F25800F3141A /* Debug.h */,
				6285E93718B6F25800F3141A /* Locker.h */,
				6285E93818B6F25800F3141A /* TickTimeout.h */,
				6285E93918B6F25800F3141A /* Trace.cpp */,
				6285E93A18B6F25800F3141A /* Trace.h */,
				6285E93518B6F16F00F3141A /* Stopwatch.h */,
				6285E93118B6EFB700F3141A /* DataTable.h */,
				6285E93218B6EFB700F3141A /* SqliteClient.cpp */,
				6285E93318B6EFB700F3141A /* SqliteClient.h */,
				6285E93018B6E39900F3141A /* Vector.h */,
				62991AF018B6415600050A04 /* Array.h */,
				62991AF118B6415600050A04 /* BCDUtilities.cpp */,
				62991AF218B6415600050A04 /* BCDUtilities.h */,
				62991AF318B6415600050A04 /* ByteArray.h */,
				62991AF418B6415600050A04 /* Crc16Utilities.h */,
				62991AF518B6415600050A04 /* Exception.cpp */,
				62991AF618B6415600050A04 /* Exception.h */,
				62991AF718B6415600050A04 /* MemoryStream.h */,
			);
			name = Common;
			sourceTree = "<group>";
		};
		62991AFB18B641B400050A04 /* BlueShield */ = {
			isa = PBXGroup;
			children = (
				62991AFC18B6421800050A04 /* BlueShield.h */,
				62991AFD18B6421800050A04 /* BlueShield.m */,
				62991AFE18B6421800050A04 /* BSDefines.h */,
				62991AFF18B6421800050A04 /* MBProgressHUD.h */,
				62991B0018B6421800050A04 /* MBProgressHUD.m */,
			);
			name = BlueShield;
			sourceTree = "<group>";
		};
		629CD91418B4343D00D24686 = {
			isa = PBXGroup;
			children = (
				629CD92618B4343D00D24686 /* SmartTimer */,
				629CD94818B4343D00D24686 /* SmartTimerTests */,
				629CD91F18B4343D00D24686 /* Frameworks */,
				629CD91E18B4343D00D24686 /* Products */,
			);
			sourceTree = "<group>";
		};
		629CD91E18B4343D00D24686 /* Products */ = {
			isa = PBXGroup;
			children = (
				629CD91D18B4343D00D24686 /* SmartTimer.app */,
				629CD94118B4343D00D24686 /* SmartTimerTests.xctest */,
			);
			name = Products;
			sourceTree = "<group>";
		};
		629CD91F18B4343D00D24686 /* Frameworks */ = {
			isa = PBXGroup;
			children = (
				6285E94218B702AB00F3141A /* libsqlite3.dylib */,
				62991B0318B6426600050A04 /* CoreBluetooth.framework */,
				629CD92018B4343D00D24686 /* Foundation.framework */,
				629CD92218B4343D00D24686 /* CoreGraphics.framework */,
				629CD92418B4343D00D24686 /* UIKit.framework */,
				629CD94218B4343D00D24686 /* XCTest.framework */,
			);
			name = Frameworks;
			sourceTree = "<group>";
		};
		629CD92618B4343D00D24686 /* SmartTimer */ = {
			isa = PBXGroup;
			children = (
				6285E94C18B71D3D00F3141A /* Logic */,
				6285E92E18B6DE8700F3141A /* Models */,
				62991AFB18B641B400050A04 /* BlueShield */,
				62991AFA18B6416500050A04 /* Common */,
				629CD92F18B4343D00D24686 /* AppDelegate.h */,
				629CD93018B4343D00D24686 /* AppDelegate.m */,
				629CD93218B4343D00D24686 /* Main_iPhone.storyboard */,
				629CD93518B4343D00D24686 /* Main_iPad.storyboard */,
				629CD93818B4343D00D24686 /* PlanViewController.h */,
				629CD93918B4343D00D24686 /* PlanViewController.mm */,
				629CD93B18B4343D00D24686 /* Images.xcassets */,
				629CD92718B4343D00D24686 /* Supporting Files */,
				62991AED18B63F3400050A04 /* AddPlanViewController.h */,
				62991AEE18B63F3400050A04 /* AddPlanViewController.mm */,
				6271B1C618B8A5460021DC44 /* NSPlan.h */,
				6271B1C718B8A5460021DC44 /* NSPlan.mm */,
				62C9484E18B9D34F003BE1CB /* PlanDetailViewController.h */,
				62C9484F18B9D34F003BE1CB /* PlanDetailViewController.mm */,
				62C9485118B9DFB9003BE1CB /* StatPlanViewController.h */,
				62C9485218B9DFB9003BE1CB /* StatPlanViewController.mm */,
				6201784718B9E72D00DE2914 /* TaskDetailViewController.h */,
				6201784818B9E72D00DE2914 /* TaskDetailViewController.mm */,
				627AEDAC18BC811300326136 /* NSTask.h */,
				627AEDAD18BC811300326136 /* NSTask.mm */,
				6290520A18BDDC7500BACAA6 /* TaskViewController.h */,
				6290520B18BDDC7500BACAA6 /* TaskViewController.mm */,
				626A8FD218C1D34F00FFABF5 /* SearchViewController.h */,
				626A8FD318C1D34F00FFABF5 /* SearchViewController.m */,
			);
			path = SmartTimer;
			sourceTree = "<group>";
		};
		629CD92718B4343D00D24686 /* Supporting Files */ = {
			isa = PBXGroup;
			children = (
				6201785218BA06DD00DE2914 /* smartTimer.sql */,
				6201785018BA03CD00DE2914 /* SmartTimer-Info.plist */,
				629CD92918B4343D00D24686 /* InfoPlist.strings */,
				629CD92C18B4343D00D24686 /* main.mm */,
				629CD92E18B4343D00D24686 /* SmartTimer-Prefix.pch */,
				6279BB0118BF17BA00F861C7 /* Localizable.strings */,
			);
			name = "Supporting Files";
			sourceTree = "<group>";
		};
		629CD94818B4343D00D24686 /* SmartTimerTests */ = {
			isa = PBXGroup;
			children = (
				629CD94E18B4343D00D24686 /* SmartTimerTests.m */,
				629CD94918B4343D00D24686 /* Supporting Files */,
			);
			path = SmartTimerTests;
			sourceTree = "<group>";
		};
		629CD94918B4343D00D24686 /* Supporting Files */ = {
			isa = PBXGroup;
			children = (
				629CD94A18B4343D00D24686 /* SmartTimerTests-Info.plist */,
				629CD94B18B4343D00D24686 /* InfoPlist.strings */,
			);
			name = "Supporting Files";
			sourceTree = "<group>";
		};
/* End PBXGroup section */

/* Begin PBXNativeTarget section */
		629CD91C18B4343D00D24686 /* SmartTimer */ = {
			isa = PBXNativeTarget;
			buildConfigurationList = 629CD95218B4343D00D24686 /* Build configuration list for PBXNativeTarget "SmartTimer" */;
			buildPhases = (
				629CD91918B4343D00D24686 /* Sources */,
				629CD91A18B4343D00D24686 /* Frameworks */,
				629CD91B18B4343D00D24686 /* Resources */,
			);
			buildRules = (
			);
			dependencies = (
			);
			name = SmartTimer;
			productName = SmartTimer;
			productReference = 629CD91D18B4343D00D24686 /* SmartTimer.app */;
			productType = "com.apple.product-type.application";
		};
		629CD94018B4343D00D24686 /* SmartTimerTests */ = {
			isa = PBXNativeTarget;
			buildConfigurationList = 629CD95518B4343D00D24686 /* Build configuration list for PBXNativeTarget "SmartTimerTests" */;
			buildPhases = (
				629CD93D18B4343D00D24686 /* Sources */,
				629CD93E18B4343D00D24686 /* Frameworks */,
				629CD93F18B4343D00D24686 /* Resources */,
			);
			buildRules = (
			);
			dependencies = (
				629CD94718B4343D00D24686 /* PBXTargetDependency */,
			);
			name = SmartTimerTests;
			productName = SmartTimerTests;
			productReference = 629CD94118B4343D00D24686 /* SmartTimerTests.xctest */;
			productType = "com.apple.product-type.bundle.unit-test";
		};
/* End PBXNativeTarget section */

/* Begin PBXProject section */
		629CD91518B4343D00D24686 /* Project object */ = {
			isa = PBXProject;
			attributes = {
				LastUpgradeCheck = 0500;
				ORGANIZATIONNAME = TicktockLib;
				TargetAttributes = {
					629CD91C18B4343D00D24686 = {
						DevelopmentTeam = FW5776TL36;
					};
					629CD94018B4343D00D24686 = {
						TestTargetID = 629CD91C18B4343D00D24686;
					};
				};
			};
			buildConfigurationList = 629CD91818B4343D00D24686 /* Build configuration list for PBXProject "SmartTimer" */;
			compatibilityVersion = "Xcode 3.2";
			developmentRegion = English;
			hasScannedForEncodings = 0;
			knownRegions = (
				en,
				Base,
				"zh-Hans",
			);
			mainGroup = 629CD91418B4343D00D24686;
			productRefGroup = 629CD91E18B4343D00D24686 /* Products */;
			projectDirPath = "";
			projectRoot = "";
			targets = (
				629CD91C18B4343D00D24686 /* SmartTimer */,
				629CD94018B4343D00D24686 /* SmartTimerTests */,
			);
		};
/* End PBXProject section */

/* Begin PBXResourcesBuildPhase section */
		629CD91B18B4343D00D24686 /* Resources */ = {
			isa = PBXResourcesBuildPhase;
			buildActionMask = 2147483647;
			files = (
				629CD93718B4343D00D24686 /* Main_iPad.storyboard in Resources */,
				629CD93C18B4343D00D24686 /* Images.xcassets in Resources */,
				6279BAFF18BF17BA00F861C7 /* Localizable.strings in Resources */,
				629CD93418B4343D00D24686 /* Main_iPhone.storyboard in Resources */,
				6201785318BA06DD00DE2914 /* smartTimer.sql in Resources */,
				629CD92B18B4343D00D24686 /* InfoPlist.strings in Resources */,
			);
			runOnlyForDeploymentPostprocessing = 0;
		};
		629CD93F18B4343D00D24686 /* Resources */ = {
			isa = PBXResourcesBuildPhase;
			buildActionMask = 2147483647;
			files = (
				629CD94D18B4343D00D24686 /* InfoPlist.strings in Resources */,
			);
			runOnlyForDeploymentPostprocessing = 0;
		};
/* End PBXResourcesBuildPhase section */

/* Begin PBXSourcesBuildPhase section */
		629CD91918B4343D00D24686 /* Sources */ = {
			isa = PBXSourcesBuildPhase;
			buildActionMask = 2147483647;
			files = (
				62C9485018B9D34F003BE1CB /* PlanDetailViewController.mm in Sources */,
				62991AF818B6415600050A04 /* BCDUtilities.cpp in Sources */,
				62991AF918B6415600050A04 /* Exception.cpp in Sources */,
				629CD93A18B4343D00D24686 /* PlanViewController.mm in Sources */,
				62C9485318B9DFB9003BE1CB /* StatPlanViewController.mm in Sources */,
				62991AEF18B63F3400050A04 /* AddPlanViewController.mm in Sources */,
				6285E94F18B71DA200F3141A /* PlanService.cpp in Sources */,
				627AEDAE18BC811300326136 /* NSTask.mm in Sources */,
				629CD93118B4343D00D24686 /* AppDelegate.m in Sources */,
				6285E94118B6F39400F3141A /* Convert.cpp in Sources */,
				626A8FD118C17FCD00FFABF5 /* NSDeviceService.mm in Sources */,
				62991B0118B6421800050A04 /* BlueShield.m in Sources */,
				6201784C18B9EA3C00DE2914 /* StorageService.cpp in Sources */,
				626A8FD418C1D34F00FFABF5 /* SearchViewController.m in Sources */,
				6201784918B9E72D00DE2914 /* TaskDetailViewController.mm in Sources */,
				629CD92D18B4343D00D24686 /* main.mm in Sources */,
				6285E93418B6EFB700F3141A /* SqliteClient.cpp in Sources */,
				6271B1C818B8A5460021DC44 /* NSPlan.mm in Sources */,
				6290520C18BDDC7500BACAA6 /* TaskViewController.mm in Sources */,
				62991B0218B6421800050A04 /* MBProgressHUD.m in Sources */,
				6285E93B18B6F25800F3141A /* Trace.cpp in Sources */,
			);
			runOnlyForDeploymentPostprocessing = 0;
		};
		629CD93D18B4343D00D24686 /* Sources */ = {
			isa = PBXSourcesBuildPhase;
			buildActionMask = 2147483647;
			files = (
				629CD94F18B4343D00D24686 /* SmartTimerTests.m in Sources */,
			);
			runOnlyForDeploymentPostprocessing = 0;
		};
/* End PBXSourcesBuildPhase section */

/* Begin PBXTargetDependency section */
		629CD94718B4343D00D24686 /* PBXTargetDependency */ = {
			isa = PBXTargetDependency;
			target = 629CD91C18B4343D00D24686 /* SmartTimer */;
			targetProxy = 629CD94618B4343D00D24686 /* PBXContainerItemProxy */;
		};
/* End PBXTargetDependency section */

/* Begin PBXVariantGroup section */
		6279BB0118BF17BA00F861C7 /* Localizable.strings */ = {
			isa = PBXVariantGroup;
			children = (
				6279BB0018BF17BA00F861C7 /* en */,
				6279BB0218BF17BE00F861C7 /* zh-Hans */,
			);
			name = Localizable.strings;
			sourceTree = "<group>";
		};
		629CD92918B4343D00D24686 /* InfoPlist.strings */ = {
			isa = PBXVariantGroup;
			children = (
				629CD92A18B4343D00D24686 /* en */,
				623840A318B439BC00BFACC9 /* zh-Hans */,
			);
			name = InfoPlist.strings;
			sourceTree = "<group>";
		};
		629CD93218B4343D00D24686 /* Main_iPhone.storyboard */ = {
			isa = PBXVariantGroup;
			children = (
				629CD95C18B434F500D24686 /* en */,
				623840A118B439BC00BFACC9 /* zh-Hans */,
			);
			name = Main_iPhone.storyboard;
			sourceTree = "<group>";
		};
		629CD93518B4343D00D24686 /* Main_iPad.storyboard */ = {
			isa = PBXVariantGroup;
			children = (
				62119B6C18B4351E0046069B /* en */,
				623840A218B439BC00BFACC9 /* zh-Hans */,
			);
			name = Main_iPad.storyboard;
			sourceTree = "<group>";
		};
		629CD94B18B4343D00D24686 /* InfoPlist.strings */ = {
			isa = PBXVariantGroup;
			children = (
				629CD94C18B4343D00D24686 /* en */,
				623840A418B439BC00BFACC9 /* zh-Hans */,
			);
			name = InfoPlist.strings;
			sourceTree = "<group>";
		};
/* End PBXVariantGroup section */

/* Begin XCBuildConfiguration section */
		629CD95018B4343D00D24686 /* Debug */ = {
			isa = XCBuildConfiguration;
			buildSettings = {
				ALWAYS_SEARCH_USER_PATHS = NO;
				ARCHS = "$(ARCHS_STANDARD_INCLUDING_64_BIT)";
				CLANG_CXX_LANGUAGE_STANDARD = "gnu++0x";
				CLANG_CXX_LIBRARY = "libc++";
				CLANG_ENABLE_MODULES = YES;
				CLANG_ENABLE_OBJC_ARC = YES;
				CLANG_WARN_BOOL_CONVERSION = YES;
				CLANG_WARN_CONSTANT_CONVERSION = YES;
				CLANG_WARN_DIRECT_OBJC_ISA_USAGE = YES_ERROR;
				CLANG_WARN_EMPTY_BODY = YES;
				CLANG_WARN_ENUM_CONVERSION = YES;
				CLANG_WARN_INT_CONVERSION = YES;
				CLANG_WARN_OBJC_ROOT_CLASS = YES_ERROR;
				CLANG_WARN__DUPLICATE_METHOD_MATCH = YES;
				"CODE_SIGN_IDENTITY[sdk=iphoneos*]" = "iPhone Developer";
				COPY_PHASE_STRIP = NO;
				GCC_C_LANGUAGE_STANDARD = gnu99;
				GCC_DYNAMIC_NO_PIC = NO;
				GCC_OPTIMIZATION_LEVEL = 0;
				GCC_PREPROCESSOR_DEFINITIONS = "DEBUG=1";
				GCC_SYMBOLS_PRIVATE_EXTERN = NO;
				GCC_WARN_64_TO_32_BIT_CONVERSION = YES;
				GCC_WARN_ABOUT_RETURN_TYPE = YES_ERROR;
				GCC_WARN_UNDECLARED_SELECTOR = YES;
				GCC_WARN_UNINITIALIZED_AUTOS = YES;
				GCC_WARN_UNUSED_FUNCTION = YES;
				GCC_WARN_UNUSED_VARIABLE = YES;
				IPHONEOS_DEPLOYMENT_TARGET = 7.0;
				ONLY_ACTIVE_ARCH = YES;
				OTHER_CFLAGS = "";
				OTHER_LDFLAGS = "";
				SDKROOT = iphoneos;
				TARGETED_DEVICE_FAMILY = "1,2";
			};
			name = Debug;
		};
		629CD95118B4343D00D24686 /* Release */ = {
			isa = XCBuildConfiguration;
			buildSettings = {
				ALWAYS_SEARCH_USER_PATHS = NO;
				ARCHS = "$(ARCHS_STANDARD_INCLUDING_64_BIT)";
				CLANG_CXX_LANGUAGE_STANDARD = "gnu++0x";
				CLANG_CXX_LIBRARY = "libc++";
				CLANG_ENABLE_MODULES = YES;
				CLANG_ENABLE_OBJC_ARC = YES;
				CLANG_WARN_BOOL_CONVERSION = YES;
				CLANG_WARN_CONSTANT_CONVERSION = YES;
				CLANG_WARN_DIRECT_OBJC_ISA_USAGE = YES_ERROR;
				CLANG_WARN_EMPTY_BODY = YES;
				CLANG_WARN_ENUM_CONVERSION = YES;
				CLANG_WARN_INT_CONVERSION = YES;
				CLANG_WARN_OBJC_ROOT_CLASS = YES_ERROR;
				CLANG_WARN__DUPLICATE_METHOD_MATCH = YES;
				"CODE_SIGN_IDENTITY[sdk=iphoneos*]" = "iPhone Developer";
				COPY_PHASE_STRIP = YES;
				ENABLE_NS_ASSERTIONS = NO;
				GCC_C_LANGUAGE_STANDARD = gnu99;
				GCC_PREPROCESSOR_DEFINITIONS = "";
				GCC_WARN_64_TO_32_BIT_CONVERSION = YES;
				GCC_WARN_ABOUT_RETURN_TYPE = YES_ERROR;
				GCC_WARN_UNDECLARED_SELECTOR = YES;
				GCC_WARN_UNINITIALIZED_AUTOS = YES;
				GCC_WARN_UNUSED_FUNCTION = YES;
				GCC_WARN_UNUSED_VARIABLE = YES;
				IPHONEOS_DEPLOYMENT_TARGET = 7.0;
				OTHER_CFLAGS = "";
				OTHER_LDFLAGS = "";
				SDKROOT = iphoneos;
				TARGETED_DEVICE_FAMILY = "1,2";
				VALIDATE_PRODUCT = YES;
			};
			name = Release;
		};
		629CD95318B4343D00D24686 /* Debug */ = {
			isa = XCBuildConfiguration;
			buildSettings = {
				ARCHS = "$(ARCHS_STANDARD)";
				ASSETCATALOG_COMPILER_APPICON_NAME = AppIcon;
				ASSETCATALOG_COMPILER_LAUNCHIMAGE_NAME = LaunchImage;
				CODE_SIGN_IDENTITY = "iPhone Developer";
				GCC_PRECOMPILE_PREFIX_HEADER = YES;
				GCC_PREFIX_HEADER = "SmartTimer/SmartTimer-Prefix.pch";
				INFOPLIST_FILE = "SmartTimer/SmartTimer-Info.plist";
				IPHONEOS_DEPLOYMENT_TARGET = 5.0;
				OTHER_LDFLAGS = "";
				PRELINK_LIBS = "";
				PRODUCT_NAME = "$(TARGET_NAME)";
				VALID_ARCHS = "armv7 armv7s";
				WRAPPER_EXTENSION = app;
			};
			name = Debug;
		};
		629CD95418B4343D00D24686 /* Release */ = {
			isa = XCBuildConfiguration;
			buildSettings = {
				ARCHS = "$(ARCHS_STANDARD)";
				ASSETCATALOG_COMPILER_APPICON_NAME = AppIcon;
				ASSETCATALOG_COMPILER_LAUNCHIMAGE_NAME = LaunchImage;
				CODE_SIGN_IDENTITY = "iPhone Developer";
				GCC_PRECOMPILE_PREFIX_HEADER = YES;
				GCC_PREFIX_HEADER = "SmartTimer/SmartTimer-Prefix.pch";
				INFOPLIST_FILE = "SmartTimer/SmartTimer-Info.plist";
				IPHONEOS_DEPLOYMENT_TARGET = 5.0;
				OTHER_LDFLAGS = "";
				PRELINK_LIBS = "";
				PRODUCT_NAME = "$(TARGET_NAME)";
				VALID_ARCHS = "armv7 armv7s";
				WRAPPER_EXTENSION = app;
			};
			name = Release;
		};
		629CD95618B4343D00D24686 /* Debug */ = {
			isa = XCBuildConfiguration;
			buildSettings = {
				ARCHS = "$(ARCHS_STANDARD_INCLUDING_64_BIT)";
				BUNDLE_LOADER = "$(BUILT_PRODUCTS_DIR)/SmartTimer.app/SmartTimer";
				FRAMEWORK_SEARCH_PATHS = (
					"$(SDKROOT)/Developer/Library/Frameworks",
					"$(inherited)",
					"$(DEVELOPER_FRAMEWORKS_DIR)",
				);
				GCC_PRECOMPILE_PREFIX_HEADER = YES;
				GCC_PREFIX_HEADER = "SmartTimer/SmartTimer-Prefix.pch";
				GCC_PREPROCESSOR_DEFINITIONS = (
					"DEBUG=1",
					"$(inherited)",
				);
				INFOPLIST_FILE = "SmartTimerTests/SmartTimerTests-Info.plist";
				PRODUCT_NAME = "$(TARGET_NAME)";
				TEST_HOST = "$(BUNDLE_LOADER)";
				WRAPPER_EXTENSION = xctest;
			};
			name = Debug;
		};
		629CD95718B4343D00D24686 /* Release */ = {
			isa = XCBuildConfiguration;
			buildSettings = {
				ARCHS = "$(ARCHS_STANDARD_INCLUDING_64_BIT)";
				BUNDLE_LOADER = "$(BUILT_PRODUCTS_DIR)/SmartTimer.app/SmartTimer";
				FRAMEWORK_SEARCH_PATHS = (
					"$(SDKROOT)/Developer/Library/Frameworks",
					"$(inherited)",
					"$(DEVELOPER_FRAMEWORKS_DIR)",
				);
				GCC_PRECOMPILE_PREFIX_HEADER = YES;
				GCC_PREFIX_HEADER = "SmartTimer/SmartTimer-Prefix.pch";
				INFOPLIST_FILE = "SmartTimerTests/SmartTimerTests-Info.plist";
				PRODUCT_NAME = "$(TARGET_NAME)";
				TEST_HOST = "$(BUNDLE_LOADER)";
				WRAPPER_EXTENSION = xctest;
			};
			name = Release;
		};
/* End XCBuildConfiguration section */

/* Begin XCConfigurationList section */
		629CD91818B4343D00D24686 /* Build configuration list for PBXProject "SmartTimer" */ = {
			isa = XCConfigurationList;
			buildConfigurations = (
				629CD95018B4343D00D24686 /* Debug */,
				629CD95118B4343D00D24686 /* Release */,
			);
			defaultConfigurationIsVisible = 0;
			defaultConfigurationName = Release;
		};
		629CD95218B4343D00D24686 /* Build configuration list for PBXNativeTarget "SmartTimer" */ = {
			isa = XCConfigurationList;
			buildConfigurations = (
				629CD95318B4343D00D24686 /* Debug */,
				629CD95418B4343D00D24686 /* Release */,
			);
			defaultConfigurationIsVisible = 0;
			defaultConfigurationName = Release;
		};
		629CD95518B4343D00D24686 /* Build configuration list for PBXNativeTarget "SmartTimerTests" */ = {
			isa = XCConfigurationList;
			buildConfigurations = (
				629CD95618B4343D00D24686 /* Debug */,
				629CD95718B4343D00D24686 /* Release */,
			);
			defaultConfigurationIsVisible = 0;
			defaultConfigurationName = Release;
		};
/* End XCConfigurationList section */
	};
	rootObject = 629CD91518B4343D00D24686 /* Project object */;
}
